<?xml version="1.0" encoding="utf-8"?>
<Project ToolsVersion="4.0" xmlns="http://schemas.microsoft.com/developer/msbuild/2003">
  <ItemGroup>
    <ClCompile Include="GameMain.cpp">
      <Filter>ソースファイル</Filter>
    </ClCompile>
    <ClCompile Include="Main.cpp">
      <Filter>ソースファイル</Filter>
    </ClCompile>
    <ClCompile Include="Vector3.cpp">
      <Filter>ソースファイル\Utility</Filter>
    </ClCompile>
    <ClCompile Include="Vector2.cpp">
      <Filter>ソースファイル\Utility</Filter>
    </ClCompile>
    <ClCompile Include="Time.cpp">
      <Filter>ソースファイル\Utility</Filter>
    </ClCompile>
    <ClCompile Include="Node.cpp">
      <Filter>ソースファイル\Utility</Filter>
    </ClCompile>
    <ClCompile Include="Quaternion.cpp">
      <Filter>ソースファイル\Utility</Filter>
    </ClCompile>
    <ClCompile Include="Lerp.cpp">
      <Filter>ソースファイル\Utility</Filter>
    </ClCompile>
    <ClCompile Include="Input.cpp">
      <Filter>ソースファイル\Utility</Filter>
    </ClCompile>
    <ClCompile Include="InputSystem.cpp">
      <Filter>ソースファイル\Utility</Filter>
    </ClCompile>
    <ClCompile Include="Fade.cpp">
      <Filter>ソースファイル\Utility</Filter>
    </ClCompile>
    <ClCompile Include="Debug.cpp">
      <Filter>ソースファイル\Utility</Filter>
    </ClCompile>
    <ClCompile Include="SpriteActor.cpp">
      <Filter>ソースファイル\Actor</Filter>
    </ClCompile>
    <ClCompile Include="Sprite.cpp">
      <Filter>ソースファイル\Actor</Filter>
    </ClCompile>
    <ClCompile Include="ModelActor.cpp">
      <Filter>ソースファイル\Actor</Filter>
    </ClCompile>
    <ClCompile Include="Model.cpp">
      <Filter>ソースファイル\Actor</Filter>
    </ClCompile>
    <ClCompile Include="Effect.cpp">
      <Filter>ソースファイル\Actor</Filter>
    </ClCompile>
    <ClCompile Include="Character.cpp">
      <Filter>ソースファイル\Actor</Filter>
    </ClCompile>
    <ClCompile Include="Camera.cpp">
      <Filter>ソースファイル\Actor</Filter>
    </ClCompile>
    <ClCompile Include="Button.cpp">
      <Filter>ソースファイル\Actor</Filter>
    </ClCompile>
    <ClCompile Include="Collision.cpp">
      <Filter>ソースファイル\Collider</Filter>
    </ClCompile>
    <ClCompile Include="ModelActorCollision.cpp">
      <Filter>ソースファイル\Collider</Filter>
    </ClCompile>
    <ClCompile Include="SceneTitle.cpp">
      <Filter>ソースファイル\Scene</Filter>
    </ClCompile>
    <ClCompile Include="SceneResult.cpp">
      <Filter>ソースファイル\Scene</Filter>
    </ClCompile>
    <ClCompile Include="SceneManager.cpp">
      <Filter>ソースファイル\Scene</Filter>
    </ClCompile>
    <ClCompile Include="SceneGame.cpp">
      <Filter>ソースファイル\Scene</Filter>
    </ClCompile>
    <ClCompile Include="SpriteLoader.cpp">
      <Filter>ソースファイル\Loader</Filter>
    </ClCompile>
    <ClCompile Include="SoundLoader.cpp">
      <Filter>ソースファイル\Loader</Filter>
    </ClCompile>
    <ClCompile Include="ModelLoader.cpp">
      <Filter>ソースファイル\Loader</Filter>
    </ClCompile>
    <ClCompile Include="LoaderBase.cpp">
      <Filter>ソースファイル\Loader</Filter>
    </ClCompile>
    <ClCompile Include="BulletData.cpp">
      <Filter>ソースファイル\Bullet</Filter>
    </ClCompile>
    <ClCompile Include="Bullet.cpp">
      <Filter>ソースファイル\Bullet</Filter>
    </ClCompile>
    <ClCompile Include="EffectManager.cpp">
      <Filter>ソースファイル\Utility</Filter>
    </ClCompile>
    <ClCompile Include="ModelAnimation.cpp">
      <Filter>ソースファイル\Utility</Filter>
    </ClCompile>
  </ItemGroup>
  <ItemGroup>
    <ClInclude Include="GameMain.h">
      <Filter>ヘッダーファイル</Filter>
    </ClInclude>
    <ClInclude Include="Vector3.h">
      <Filter>ヘッダーファイル\Utility</Filter>
    </ClInclude>
    <ClInclude Include="Vector2.h">
      <Filter>ヘッダーファイル\Utility</Filter>
    </ClInclude>
    <ClInclude Include="Transform.h">
      <Filter>ヘッダーファイル\Utility</Filter>
    </ClInclude>
    <ClInclude Include="Time.h">
      <Filter>ヘッダーファイル\Utility</Filter>
    </ClInclude>
    <ClInclude Include="Screen.h">
      <Filter>ヘッダーファイル\Utility</Filter>
    </ClInclude>
    <ClInclude Include="Quaternion.h">
      <Filter>ヘッダーファイル\Utility</Filter>
    </ClInclude>
    <ClInclude Include="Node.h">
      <Filter>ヘッダーファイル\Utility</Filter>
    </ClInclude>
    <ClInclude Include="Math.h">
      <Filter>ヘッダーファイル\Utility</Filter>
    </ClInclude>
    <ClInclude Include="Lerp.h">
      <Filter>ヘッダーファイル\Utility</Filter>
    </ClInclude>
    <ClInclude Include="InputSystem.h">
      <Filter>ヘッダーファイル\Utility</Filter>
    </ClInclude>
    <ClInclude Include="Input.h">
      <Filter>ヘッダーファイル\Utility</Filter>
    </ClInclude>
    <ClInclude Include="GameConfig.h">
      <Filter>ヘッダーファイル\Utility</Filter>
    </ClInclude>
    <ClInclude Include="Fade.h">
      <Filter>ヘッダーファイル\Utility</Filter>
    </ClInclude>
    <ClInclude Include="Debug.h">
      <Filter>ヘッダーファイル\Utility</Filter>
    </ClInclude>
    <ClInclude Include="Stage.h">
      <Filter>ヘッダーファイル\Actor</Filter>
    </ClInclude>
    <ClInclude Include="Sprite.h">
      <Filter>ヘッダーファイル\Actor</Filter>
    </ClInclude>
    <ClInclude Include="SpriteActor.h">
      <Filter>ヘッダーファイル\Actor</Filter>
    </ClInclude>
    <ClInclude Include="Model.h">
      <Filter>ヘッダーファイル\Actor</Filter>
    </ClInclude>
    <ClInclude Include="ModelActor.h">
      <Filter>ヘッダーファイル\Actor</Filter>
    </ClInclude>
    <ClInclude Include="Effect.h">
      <Filter>ヘッダーファイル\Actor</Filter>
    </ClInclude>
    <ClInclude Include="Character.h">
      <Filter>ヘッダーファイル\Actor</Filter>
    </ClInclude>
    <ClInclude Include="Camera.h">
      <Filter>ヘッダーファイル\Actor</Filter>
    </ClInclude>
    <ClInclude Include="Button.h">
      <Filter>ヘッダーファイル\Actor</Filter>
    </ClInclude>
    <ClInclude Include="ActorBase.h">
      <Filter>ヘッダーファイル\Actor</Filter>
    </ClInclude>
    <ClInclude Include="BoxCollider.h">
      <Filter>ヘッダーファイル\Collider</Filter>
    </ClInclude>
    <ClInclude Include="CircleCollider.h">
      <Filter>ヘッダーファイル\Collider</Filter>
    </ClInclude>
    <ClInclude Include="Collision.h">
      <Filter>ヘッダーファイル\Collider</Filter>
    </ClInclude>
    <ClInclude Include="Collider.h">
      <Filter>ヘッダーファイル\Collider</Filter>
    </ClInclude>
    <ClInclude Include="ModelActorCollision.h">
      <Filter>ヘッダーファイル\Collider</Filter>
    </ClInclude>
    <ClInclude Include="SceneTitle.h">
      <Filter>ヘッダーファイル\Scene</Filter>
    </ClInclude>
    <ClInclude Include="SceneResult.h">
      <Filter>ヘッダーファイル\Scene</Filter>
    </ClInclude>
    <ClInclude Include="SceneManager.h">
      <Filter>ヘッダーファイル\Scene</Filter>
    </ClInclude>
    <ClInclude Include="SceneGame.h">
      <Filter>ヘッダーファイル\Scene</Filter>
    </ClInclude>
    <ClInclude Include="SceneBase.h">
      <Filter>ヘッダーファイル\Scene</Filter>
    </ClInclude>
    <ClInclude Include="SpriteLoader.h">
      <Filter>ヘッダーファイル\Loader</Filter>
    </ClInclude>
    <ClInclude Include="SoundLoader.h">
      <Filter>ヘッダーファイル\Loader</Filter>
    </ClInclude>
    <ClInclude Include="ModelLoader.h">
      <Filter>ヘッダーファイル\Loader</Filter>
    </ClInclude>
    <ClInclude Include="LoaderBase.h">
      <Filter>ヘッダーファイル\Loader</Filter>
    </ClInclude>
    <ClInclude Include="LoadData.h">
      <Filter>ヘッダーファイル\Loader</Filter>
    </ClInclude>
    <ClInclude Include="Bullet.h">
      <Filter>ヘッダーファイル\Bullet</Filter>
    </ClInclude>
    <ClInclude Include="BulletData.h">
      <Filter>ヘッダーファイル\Bullet</Filter>
    </ClInclude>
    <ClInclude Include="BulletStatus.h">
      <Filter>ヘッダーファイル\Bullet</Filter>
    </ClInclude>
    <ClInclude Include="SoundManager.h">
      <Filter>ヘッダーファイル\Utility</Filter>
    </ClInclude>
    <ClInclude Include="EffectManager.h">
      <Filter>ヘッダーファイル\Utility</Filter>
    </ClInclude>
    <ClInclude Include="SpriteAnimation.h">
      <Filter>ヘッダーファイル\Utility</Filter>
    </ClInclude>
    <ClInclude Include="ModelAnimation.h">
      <Filter>ヘッダーファイル\Utility</Filter>
    </ClInclude>
  </ItemGroup>
  <ItemGroup>
    <Filter Include="ヘッダーファイル">
      <UniqueIdentifier>{e8355b76-7a5e-4b4a-b046-14190a09d5d4}</UniqueIdentifier>
    </Filter>
    <Filter Include="ソースファイル">
      <UniqueIdentifier>{08a52249-36dd-4a19-82ac-c57be74e4ae3}</UniqueIdentifier>
    </Filter>
    <Filter Include="ソースファイル\Utility">
      <UniqueIdentifier>{ff561069-acf9-45cc-97d1-128132ecac8e}</UniqueIdentifier>
    </Filter>
    <Filter Include="ヘッダーファイル\Utility">
      <UniqueIdentifier>{18e84c32-1777-4af1-845b-f296877ae5b2}</UniqueIdentifier>
    </Filter>
    <Filter Include="ソースファイル\Actor">
      <UniqueIdentifier>{dc84407f-d8aa-4c71-b872-47b771cb5923}</UniqueIdentifier>
    </Filter>
    <Filter Include="ヘッダーファイル\Actor">
      <UniqueIdentifier>{e77a48d2-4958-411d-9147-22ac06d9116b}</UniqueIdentifier>
    </Filter>
    <Filter Include="ヘッダーファイル\Collider">
      <UniqueIdentifier>{5a1b6bb5-1385-4957-a4db-343b15ced778}</UniqueIdentifier>
    </Filter>
    <Filter Include="ソースファイル\Collider">
      <UniqueIdentifier>{66bd961a-6d00-4312-8a57-58806e6740f3}</UniqueIdentifier>
    </Filter>
    <Filter Include="ソースファイル\Scene">
      <UniqueIdentifier>{f90422b7-7919-42cf-a2d4-2069cb9317cc}</UniqueIdentifier>
    </Filter>
    <Filter Include="ヘッダーファイル\Scene">
      <UniqueIdentifier>{040b88a0-f8b3-4917-a558-30eabdf02302}</UniqueIdentifier>
    </Filter>
    <Filter Include="ヘッダーファイル\Loader">
      <UniqueIdentifier>{ae9b44cd-8d67-421d-9e7d-8f3f4dc56739}</UniqueIdentifier>
    </Filter>
    <Filter Include="ソースファイル\Loader">
      <UniqueIdentifier>{09258d2b-1971-4101-b63b-9524a42530cb}</UniqueIdentifier>
    </Filter>
    <Filter Include="ヘッダーファイル\Bullet">
      <UniqueIdentifier>{5e0c8272-ea18-46ad-8da1-5ea1b5847b66}</UniqueIdentifier>
    </Filter>
    <Filter Include="ソースファイル\Bullet">
      <UniqueIdentifier>{df1c8f5f-7a81-4341-8212-fc36b74b1032}</UniqueIdentifier>
    </Filter>
  </ItemGroup>
</Project>